PODS:
  - Flutter (1.0.0)
  - FMDB (2.7.5):
    - FMDB/standard (= 2.7.5)
  - FMDB/standard (2.7.5)
  - geocoder (0.0.1):
    - Flutter
  - geolocation (0.0.1):
    - Flutter
    - streams_channel
  - get_mac (0.0.1):
    - Flutter
  - MTBBarcodeScanner (5.0.11)
  - path_provider (0.0.1):
    - Flutter
  - qr_code_scanner (0.0.2):
    - Flutter
    - MTBBarcodeScanner
  - sqflite (0.0.1):
    - Flutter
    - FMDB (~> 2.7.2)
  - streams_channel (0.0.1):
    - Flutter

DEPENDENCIES:
  - Flutter (from `Flutter`)
  - geocoder (from `.symlinks/plugins/geocoder/ios`)
  - geolocation (from `.symlinks/plugins/geolocation/ios`)
  - get_mac (from `.symlinks/plugins/get_mac/ios`)
  - path_provider (from `.symlinks/plugins/path_provider/ios`)
  - qr_code_scanner (from `.symlinks/plugins/qr_code_scanner/ios`)
  - sqflite (from `.symlinks/plugins/sqflite/ios`)
  - streams_channel (from `.symlinks/plugins/streams_channel/ios`)

SPEC REPOS:
  trunk:
    - FMDB
    - MTBBarcodeScanner

EXTERNAL SOURCES:
  Flutter:
    :path: Flutter
  geocoder:
    :path: ".symlinks/plugins/geocoder/ios"
  geolocation:
    :path: ".symlinks/plugins/geolocation/ios"
  get_mac:
    :path: ".symlinks/plugins/get_mac/ios"
  path_provider:
    :path: ".symlinks/plugins/path_provider/ios"
  qr_code_scanner:
    :path: ".symlinks/plugins/qr_code_scanner/ios"
  sqflite:
    :path: ".symlinks/plugins/sqflite/ios"
  streams_channel:
    :path: ".symlinks/plugins/streams_channel/ios"

SPEC CHECKSUMS:
  Flutter: 0e3d915762c693b495b44d77113d4970485de6ec
  FMDB: 2ce00b547f966261cd18927a3ddb07cb6f3db82a
  geocoder: 3cfab70531a0b367e917bafe82df4c30f6d4c45a
  geolocation: c194aabfd0f48cd7d6041afa8ba6542aa5714dc2
  get_mac: b90f006186f20adf5b9d1f65b530599d39470b16
  MTBBarcodeScanner: f453b33c4b7dfe545d8c6484ed744d55671788cb
  path_provider: abfe2b5c733d04e238b0d8691db0cfd63a27a93c
  qr_code_scanner: 16107718bdad7d708cdf6a5eacdca24b56cdf471
  sqflite: 4001a31ff81d210346b500c55b17f4d6c7589dd0
  streams_channel: 16855ffd0568eded9563b2fec6a1bfa94420b353

PODFILE CHECKSUM: 5073a239dd1a9cfe6fefe458644b21a2b9060b7f

COCOAPODS: 1.9.3
